
Microsoft Visual Studio Solution File, Format Version 12.00
# Visual Studio Version 17
VisualStudioVersion = 17.10.35004.147
MinimumVisualStudioVersion = 10.0.40219.1
Project("{FAE04EC0-301F-11D3-BF4B-00C04F79EFBC}") = "AdventOfCode2024", "AdventOfCode2024\AdventOfCode2024.csproj", "{6FFCE726-C96A-4324-AB2B-94E48694885E}"
EndProject
Global
	GlobalSection(SolutionConfigurationPlatforms) = preSolution
		Debug|Any CPU = Debug|Any CPU
		Release|Any CPU = Release|Any CPU
	EndGlobalSection
	GlobalSection(ProjectConfigurationPlatforms) = postSolution
		{6FFCE726-C96A-4324-AB2B-94E48694885E}.Debug|Any CPU.ActiveCfg = Debug|Any CPU
		{6FFCE726-C96A-4324-AB2B-94E48694885E}.Debug|Any CPU.Build.0 = Debug|Any CPU
		{6FFCE726-C96A-4324-AB2B-94E48694885E}.Release|Any CPU.ActiveCfg = Release|Any CPU
		{6FFCE726-C96A-4324-AB2B-94E48694885E}.Release|Any CPU.Build.0 = Release|Any CPU
	EndGlobalSection
	GlobalSection(SolutionProperties) = preSolution
		HideSolutionNode = FALSE
	EndGlobalSection
	GlobalSection(ExtensibilityGlobals) = postSolution
		SolutionGuid = {BFB88AC4-0A77-43E1-9BAD-D2AAD7EDE67F}
	EndGlobalSection
EndGlobal
